
Microsoft Visual Studio Solution File, Format Version 12.00
# Visual Studio Version 17
VisualStudioVersion = 17.10.35013.160
MinimumVisualStudioVersion = 10.0.40219.1
Project("{FAE04EC0-301F-11D3-BF4B-00C04F79EFBC}") = "AirTickets", "AirTickets\AirTickets.csproj", "{4C3CF50E-51CE-4236-BB59-0A7A25D70189}"
EndProject
Project("{FAE04EC0-301F-11D3-BF4B-00C04F79EFBC}") = "AirTickets.Application", "AirTickets.Application\AirTickets.Application.csproj", "{483F31B2-B5A7-42A7-8C57-AC229CAE292D}"
EndProject
Project("{FAE04EC0-301F-11D3-BF4B-00C04F79EFBC}") = "AirTickets.Core", "AirTickets.Core\AirTickets.Core.csproj", "{D5944823-65D3-4BDC-BD55-E40CF425B079}"
EndProject
Project("{FAE04EC0-301F-11D3-BF4B-00C04F79EFBC}") = "AirTickets.Persistence", "AirTickets.Persistence\AirTickets.Persistence.csproj", "{6E3DB032-39A0-4F93-971A-CCC436D4F645}"
EndProject
Global
	GlobalSection(SolutionConfigurationPlatforms) = preSolution
		Debug|Any CPU = Debug|Any CPU
		Release|Any CPU = Release|Any CPU
	EndGlobalSection
	GlobalSection(ProjectConfigurationPlatforms) = postSolution
		{4C3CF50E-51CE-4236-BB59-0A7A25D70189}.Debug|Any CPU.ActiveCfg = Debug|Any CPU
		{4C3CF50E-51CE-4236-BB59-0A7A25D70189}.Debug|Any CPU.Build.0 = Debug|Any CPU
		{4C3CF50E-51CE-4236-BB59-0A7A25D70189}.Release|Any CPU.ActiveCfg = Release|Any CPU
		{4C3CF50E-51CE-4236-BB59-0A7A25D70189}.Release|Any CPU.Build.0 = Release|Any CPU
		{483F31B2-B5A7-42A7-8C57-AC229CAE292D}.Debug|Any CPU.ActiveCfg = Debug|Any CPU
		{483F31B2-B5A7-42A7-8C57-AC229CAE292D}.Debug|Any CPU.Build.0 = Debug|Any CPU
		{483F31B2-B5A7-42A7-8C57-AC229CAE292D}.Release|Any CPU.ActiveCfg = Release|Any CPU
		{483F31B2-B5A7-42A7-8C57-AC229CAE292D}.Release|Any CPU.Build.0 = Release|Any CPU
		{D5944823-65D3-4BDC-BD55-E40CF425B079}.Debug|Any CPU.ActiveCfg = Debug|Any CPU
		{D5944823-65D3-4BDC-BD55-E40CF425B079}.Debug|Any CPU.Build.0 = Debug|Any CPU
		{D5944823-65D3-4BDC-BD55-E40CF425B079}.Release|Any CPU.ActiveCfg = Release|Any CPU
		{D5944823-65D3-4BDC-BD55-E40CF425B079}.Release|Any CPU.Build.0 = Release|Any CPU
		{6E3DB032-39A0-4F93-971A-CCC436D4F645}.Debug|Any CPU.ActiveCfg = Debug|Any CPU
		{6E3DB032-39A0-4F93-971A-CCC436D4F645}.Debug|Any CPU.Build.0 = Debug|Any CPU
		{6E3DB032-39A0-4F93-971A-CCC436D4F645}.Release|Any CPU.ActiveCfg = Release|Any CPU
		{6E3DB032-39A0-4F93-971A-CCC436D4F645}.Release|Any CPU.Build.0 = Release|Any CPU
	EndGlobalSection
	GlobalSection(SolutionProperties) = preSolution
		HideSolutionNode = FALSE
	EndGlobalSection
	GlobalSection(ExtensibilityGlobals) = postSolution
		SolutionGuid = {FDDC9815-EA1F-4BC2-B639-2E2A09652585}
	EndGlobalSection
EndGlobal
